lockfileVersion: '9.0'

settings:
  autoInstallPeers: true
  excludeLinksFromLockfile: false

importers:

  .:
    dependencies:
      ink:
        specifier: ^7.0.4
        version: 7.0.4(react@19.2.6)
      ink-spinner:
        specifier: ^5.0.0
        version: 5.0.0(ink@7.0.4(react@19.2.6))(react@19.2.6)
      react:
        specifier: ^19.2.6
        version: 19.2.6
    devDependencies:
      ink-testing-library:
        specifier: ^4.0.0
        version: 4.0.0

packages:

  '@alcalzone/ansi-tokenize@0.3.0':
    resolution: {integrity: sha512-p+CMKJ93HFmLkjXKlXiVGlMQEuRb6H0MokBSwUsX+S6BRX8eV5naFZpQJFfJHjRZY0Hmnqy1/r6UWl3x+19zYA==}
    engines: {node: '>=18'}

  ansi-escapes@7.3.0:
    resolution: {integrity: sha512-BvU8nYgGQBxcmMuEeUEmNTvrMVjJNSH7RgW24vXexN4Ven6qCvy4TntnvlnwnMLTVlcRQQdbRY8NKnaIoeWDNg==}
    engines: {node: '>=18'}

  ansi-regex@6.2.2:
    resolution: {integrity: sha512-Bq3SmSpyFHaWjPk8If9yc6svM8c56dB5BAtW4Qbw5jHTwwXXcTLoRMkpDJp6VL0XzlWaCHTXrkFURMYmD0sLqg==}
    engines: {node: '>=12'}

  ansi-styles@6.2.3:
    resolution: {integrity: sha512-4Dj6M28JB+oAH8kFkTLUo+a2jwOFkuqb3yucU0CANcRRUbxS0cP0nZYCGjcc3BNXwRIsUVmDGgzawme7zvJHvg==}
    engines: {node: '>=12'}

  auto-bind@5.0.1:
    resolution: {integrity: sha512-ooviqdwwgfIfNmDwo94wlshcdzfO64XV0Cg6oDsDYBJfITDz1EngD2z7DkbvCWn+XIMsIqW27sEVF6qcpJrRcg==}
    engines: {node: ^12.20.0 || ^14.13.1 || >=16.0.0}

  chalk@5.6.2:
    resolution: {integrity: sha512-7NzBL0rN6fMUW+f7A6Io4h40qQlG+xGmtMxfbnH/K7TAtt8JQWVQK+6g0UXKMeVJoyV5EkkNsErQ8pVD3bLHbA==}
    engines: {node: ^12.17.0 || ^14.13 || >=16.0.0}

  cli-boxes@4.0.1:
    resolution: {integrity: sha512-5IOn+jcCEHEraYolBPs/sT4BxYCe2nHg374OPiItB1O96KZFseS2gthU4twyYzeDcFew4DaUM/xwc5BQf08JJw==}
    engines: {node: '>=18.20 <19 || >=20.10'}

  cli-cursor@4.0.0:
    resolution: {integrity: sha512-VGtlMu3x/4DOtIUwEkRezxUZ2lBacNJCHash0N0WeZDBS+7Ux1dm3XWAgWYxLJFMMdOeXMHXorshEFhbMSGelg==}
    engines: {node: ^12.20.0 || ^14.13.1 || >=16.0.0}

  cli-spinners@2.9.2:
    resolution: {integrity: sha512-ywqV+5MmyL4E7ybXgKys4DugZbX0FC6LnwrhjuykIjnK9k8OQacQ7axGKnjDXWNhns0xot3bZI5h55H8yo9cJg==}
    engines: {node: '>=6'}

  cli-truncate@6.0.0:
    resolution: {integrity: sha512-3+YKIUFsohD9MIoOFPFBldjAlnfCmCDcqe6aYGFqlDTRKg80p4wg35L+j83QQ63iOlKRccEkbn8IuM++HsgEjA==}
    engines: {node: '>=22'}

  code-excerpt@4.0.0:
    resolution: {integrity: sha512-xxodCmBen3iy2i0WtAK8FlFNrRzjUqjRsMfho58xT/wvZU1YTM3fCnRjcy1gJPMepaRlgm/0e6w8SpWHpn3/cA==}
    engines: {node: ^12.20.0 || ^14.13.1 || >=16.0.0}

  convert-to-spaces@2.0.1:
    resolution: {integrity: sha512-rcQ1bsQO9799wq24uE5AM2tAILy4gXGIK/njFWcVQkGNZ96edlpY+A7bjwvzjYvLDyzmG1MmMLZhpcsb+klNMQ==}
    engines: {node: ^12.20.0 || ^14.13.1 || >=16.0.0}

  environment@1.1.0:
    resolution: {integrity: sha512-xUtoPkMggbz0MPyPiIWr1Kp4aeWJjDZ6SMvURhimjdZgsRuDplF5/s9hcgGhyXMhs+6vpnuoiZ2kFiu3FMnS8Q==}
    engines: {node: '>=18'}

  es-toolkit@1.47.0:
    resolution: {integrity: sha512-n1GuoD0WEQZMBk5tttoZSqwgyLx01oqa5XsBmCHwPyNe1S9jPBEmtR2pSgp2kJuWE3ciFZ6yRHmY4pM4C3OOkw==}

  escape-string-regexp@2.0.0:
    resolution: {integrity: sha512-UpzcLCXolUWcNu5HtVMHYdXJjArjsF9C0aNnquZYY4uW/Vu0miy5YoWvbV345HauVvcAUnpRuhMMcqTcGOY2+w==}
    engines: {node: '>=8'}

  get-east-asian-width@1.6.0:
    resolution: {integrity: sha512-QRbvDIbx6YklUe6RxeTeleMR0yv3cYH6PsPZHcnVn7xv7zO1BHN8r0XETu8n6Ye3Q+ahtSarc3WgtNWmehIBfA==}
    engines: {node: '>=18'}

  indent-string@5.0.0:
    resolution: {integrity: sha512-m6FAo/spmsW2Ab2fU35JTYwtOKa2yAwXSwgjSv1TJzh4Mh7mC3lzAOVLBprb72XsTrgkEIsl7YrFNAiDiRhIGg==}
    engines: {node: '>=12'}

  ink-spinner@5.0.0:
    resolution: {integrity: sha512-EYEasbEjkqLGyPOUc8hBJZNuC5GvXGMLu0w5gdTNskPc7Izc5vO3tdQEYnzvshucyGCBXc86ig0ujXPMWaQCdA==}
    engines: {node: '>=14.16'}
    peerDependencies:
      ink: '>=4.0.0'
      react: '>=18.0.0'

  ink-testing-library@4.0.0:
    resolution: {integrity: sha512-yF92kj3pmBvk7oKbSq5vEALO//o7Z9Ck/OaLNlkzXNeYdwfpxMQkSowGTFUCS5MSu9bWfSZMewGpp7bFc66D7Q==}
    engines: {node: '>=18'}
    peerDependencies:
      '@types/react': '>=18.0.0'
    peerDependenciesMeta:
      '@types/react':
        optional: true

  ink@7.0.4:
    resolution: {integrity: sha512-4wsM/gMKOT2ZANNTJibI6I9IcwBfobqv/CgaDcwvOaCREZIQxo3iGQS7qPHa2hmA67NYltZWCMtBDELB/mcbJQ==}
    engines: {node: '>=22'}
    peerDependencies:
      '@types/react': '>=19.2.0'
      react: '>=19.2.0'
      react-devtools-core: '>=6.1.2'
    peerDependenciesMeta:
      '@types/react':
        optional: true
      react-devtools-core:
        optional: true

  is-fullwidth-code-point@5.1.0:
    resolution: {integrity: sha512-5XHYaSyiqADb4RnZ1Bdad6cPp8Toise4TzEjcOYDHZkTCbKgiUl7WTUCpNWHuxmDt91wnsZBc9xinNzopv3JMQ==}
    engines: {node: '>=18'}

  is-in-ci@2.0.0:
    resolution: {integrity: sha512-cFeerHriAnhrQSbpAxL37W1wcJKUUX07HyLWZCW1URJT/ra3GyUTzBgUnh24TMVfNTV2Hij2HLxkPHFZfOZy5w==}
    engines: {node: '>=20'}
    hasBin: true

  mimic-fn@2.1.0:
    resolution: {integrity: sha512-OqbOk5oEQeAZ8WXWydlu9HJjz9WVdEIvamMCcXmuqUYjTknH/sqsWvhQ3vgwKFRR1HpjvNBKQ37nbJgYzGqGcg==}
    engines: {node: '>=6'}

  onetime@5.1.2:
    resolution: {integrity: sha512-kbpaSSGJTWdAY5KPVeMOKXSrPtr8C8C7wodJbcsd51jRnmD+GZu8Y0VoU6Dm5Z4vWr0Ig/1NKuWRKf7j5aaYSg==}
    engines: {node: '>=6'}

  patch-console@2.0.0:
    resolution: {integrity: sha512-0YNdUceMdaQwoKce1gatDScmMo5pu/tfABfnzEqeG0gtTmd7mh/WcwgUjtAeOU7N8nFFlbQBnFK2gXW5fGvmMA==}
    engines: {node: ^12.20.0 || ^14.13.1 || >=16.0.0}

  react-reconciler@0.33.0:
    resolution: {integrity: sha512-KetWRytFv1epdpJc3J4G75I4WrplZE5jOL7Yq0p34+OVOKF4Se7WrdIdVC45XsSSmUTlht2FM/fM1FZb1mfQeA==}
    engines: {node: '>=0.10.0'}
    peerDependencies:
      react: ^19.2.0

  react@19.2.6:
    resolution: {integrity: sha512-sfWGGfavi0xr8Pg0sVsyHMAOziVYKgPLNrS7ig+ivMNb3wbCBw3KxtflsGBAwD3gYQlE/AEZsTLgToRrSCjb0Q==}
    engines: {node: '>=0.10.0'}

  restore-cursor@4.0.0:
    resolution: {integrity: sha512-I9fPXU9geO9bHOt9pHHOhOkYerIMsmVaWB0rA2AI9ERh/+x/i7MV5HKBNrg+ljO5eoPVgCcnFuRjJ9uH6I/3eg==}
    engines: {node: ^12.20.0 || ^14.13.1 || >=16.0.0}

  scheduler@0.27.0:
    resolution: {integrity: sha512-eNv+WrVbKu1f3vbYJT/xtiF5syA5HPIMtf9IgY/nKg0sWqzAUEvqY/xm7OcZc/qafLx/iO9FgOmeSAp4v5ti/Q==}

  signal-exit@3.0.7:
    resolution: {integrity: sha512-wnD2ZE+l+SPC/uoS0vXeE9L1+0wuaMqKlfz9AMUo38JsyLSBWSFcHR1Rri62LZc12vLr1gb3jl7iwQhgwpAbGQ==}

  slice-ansi@9.0.0:
    resolution: {integrity: sha512-SO/3iYL5S3W57LLEniscOGPZgOqZUPCx6d3dB+52B80yJ0XstzsC/eV8gnA4tM3MHDrKz+OCFSLNjswdSC+/bA==}
    engines: {node: '>=22'}

  stack-utils@2.0.6:
    resolution: {integrity: sha512-XlkWvfIm6RmsWtNJx+uqtKLS8eqFbxUg0ZzLXqY0caEy9l7hruX8IpiDnjsLavoBgqCCR71TqWO8MaXYheJ3RQ==}
    engines: {node: '>=10'}

  string-width@8.2.1:
    resolution: {integrity: sha512-IIaP0g3iy9Cyy18w3M9YcaDudujEAVHKt3a3QJg1+sr/oX96TbaGUubG0hJyCjCBThFH+tFpcIyoUHUn1ogaLA==}
    engines: {node: '>=20'}

  strip-ansi@7.2.0:
    resolution: {integrity: sha512-yDPMNjp4WyfYBkHnjIRLfca1i6KMyGCtsVgoKe/z1+6vukgaENdgGBZt+ZmKPc4gavvEZ5OgHfHdrazhgNyG7w==}
    engines: {node: '>=12'}

  tagged-tag@1.0.0:
    resolution: {integrity: sha512-yEFYrVhod+hdNyx7g5Bnkkb0G6si8HJurOoOEgC8B/O0uXLHlaey/65KRv6cuWBNhBgHKAROVpc7QyYqE5gFng==}
    engines: {node: '>=20'}

  terminal-size@4.0.1:
    resolution: {integrity: sha512-avMLDQpUI9I5XFrklECw1ZEUPJhqzcwSWsyyI8blhRLT+8N1jLJWLWWYQpB2q2xthq8xDvjZPISVh53T/+CLYQ==}
    engines: {node: '>=18'}

  type-fest@5.6.0:
    resolution: {integrity: sha512-8ZiHFm91orbSAe2PSAiSVBVko18pbhbiB3U9GglSzF/zCGkR+rxpHx6sEMCUm4kxY4LjDIUGgCfUMtwfZfjfUA==}
    engines: {node: '>=20'}

  widest-line@6.0.0:
    resolution: {integrity: sha512-U89AsyEeAsyoF0zVJBkG9zBgekjgjK7yk9sje3F4IQpXBJ10TF6ByLlIfjMhcmHMJgHZI4KHt4rdNfktzxIAMA==}
    engines: {node: '>=20'}

  wrap-ansi@10.0.0:
    resolution: {integrity: sha512-SGcvg80f0wUy2/fXES19feHMz8E0JoXv2uNgHOu4Dgi2OrCy1lqwFYEJz1BLbDI0exjPMe/ZdzZ/YpGECBG/aQ==}
    engines: {node: '>=20'}

  ws@8.21.0:
    resolution: {integrity: sha512-Vsp28b7DRcimFQvrqu2Wek3z1iYxDCWqHYB8Qsnk/S4RfaCQzPGPyBNuVjJV3cd6UiKtUtp6sNM77gWvzcCH+g==}
    engines: {node: '>=10.0.0'}
    peerDependencies:
      bufferutil: ^4.0.1
      utf-8-validate: '>=5.0.2'
    peerDependenciesMeta:
      bufferutil:
        optional: true
      utf-8-validate:
        optional: true

  yoga-layout@3.2.1:
    resolution: {integrity: sha512-0LPOt3AxKqMdFBZA3HBAt/t/8vIKq7VaQYbuA8WxCgung+p9TVyKRYdpvCb80HcdTN2NkbIKbhNwKUfm3tQywQ==}

snapshots:

  '@alcalzone/ansi-tokenize@0.3.0':
    dependencies:
      ansi-styles: 6.2.3
      is-fullwidth-code-point: 5.1.0

  ansi-escapes@7.3.0:
    dependencies:
      environment: 1.1.0

  ansi-regex@6.2.2: {}

  ansi-styles@6.2.3: {}

  auto-bind@5.0.1: {}

  chalk@5.6.2: {}

  cli-boxes@4.0.1: {}

  cli-cursor@4.0.0:
    dependencies:
      restore-cursor: 4.0.0

  cli-spinners@2.9.2: {}

  cli-truncate@6.0.0:
    dependencies:
      slice-ansi: 9.0.0
      string-width: 8.2.1

  code-excerpt@4.0.0:
    dependencies:
      convert-to-spaces: 2.0.1

  convert-to-spaces@2.0.1: {}

  environment@1.1.0: {}

  es-toolkit@1.47.0: {}

  escape-string-regexp@2.0.0: {}

  get-east-asian-width@1.6.0: {}

  indent-string@5.0.0: {}

  ink-spinner@5.0.0(ink@7.0.4(react@19.2.6))(react@19.2.6):
    dependencies:
      cli-spinners: 2.9.2
      ink: 7.0.4(react@19.2.6)
      react: 19.2.6

  ink-testing-library@4.0.0: {}

  ink@7.0.4(react@19.2.6):
    dependencies:
      '@alcalzone/ansi-tokenize': 0.3.0
      ansi-escapes: 7.3.0
      ansi-styles: 6.2.3
      auto-bind: 5.0.1
      chalk: 5.6.2
      cli-boxes: 4.0.1
      cli-cursor: 4.0.0
      cli-truncate: 6.0.0
      code-excerpt: 4.0.0
      es-toolkit: 1.47.0
      indent-string: 5.0.0
      is-in-ci: 2.0.0
      patch-console: 2.0.0
      react: 19.2.6
      react-reconciler: 0.33.0(react@19.2.6)
      scheduler: 0.27.0
      signal-exit: 3.0.7
      slice-ansi: 9.0.0
      stack-utils: 2.0.6
      string-width: 8.2.1
      terminal-size: 4.0.1
      type-fest: 5.6.0
      widest-line: 6.0.0
      wrap-ansi: 10.0.0
      ws: 8.21.0
      yoga-layout: 3.2.1
    transitivePeerDependencies:
      - bufferutil
      - utf-8-validate

  is-fullwidth-code-point@5.1.0:
    dependencies:
      get-east-asian-width: 1.6.0

  is-in-ci@2.0.0: {}

  mimic-fn@2.1.0: {}

  onetime@5.1.2:
    dependencies:
      mimic-fn: 2.1.0

  patch-console@2.0.0: {}

  react-reconciler@0.33.0(react@19.2.6):
    dependencies:
      react: 19.2.6
      scheduler: 0.27.0

  react@19.2.6: {}

  restore-cursor@4.0.0:
    dependencies:
      onetime: 5.1.2
      signal-exit: 3.0.7

  scheduler@0.27.0: {}

  signal-exit@3.0.7: {}

  slice-ansi@9.0.0:
    dependencies:
      ansi-styles: 6.2.3
      is-fullwidth-code-point: 5.1.0

  stack-utils@2.0.6:
    dependencies:
      escape-string-regexp: 2.0.0

  string-width@8.2.1:
    dependencies:
      get-east-asian-width: 1.6.0
      strip-ansi: 7.2.0

  strip-ansi@7.2.0:
    dependencies:
      ansi-regex: 6.2.2

  tagged-tag@1.0.0: {}

  terminal-size@4.0.1: {}

  type-fest@5.6.0:
    dependencies:
      tagged-tag: 1.0.0

  widest-line@6.0.0:
    dependencies:
      string-width: 8.2.1

  wrap-ansi@10.0.0:
    dependencies:
      ansi-styles: 6.2.3
      string-width: 8.2.1
      strip-ansi: 7.2.0

  ws@8.21.0: {}

  yoga-layout@3.2.1: {}
